
Microsoft Visual Studio Solution File, Format Version 12.00
# Visual Studio 15
VisualStudioVersion = 15.0.28307.421
MinimumVisualStudioVersion = 10.0.40219.1
Project("{FAE04EC0-301F-11D3-BF4B-00C04F79EFBC}") = "Exercicio28", "Exercicio28\Exercicio28.csproj", "{0A89C02C-6CA3-45F2-B3F5-E2D03598FDCE}"
EndProject
Global
	GlobalSection(SolutionConfigurationPlatforms) = preSolution
		Debug|Any CPU = Debug|Any CPU
		Release|Any CPU = Release|Any CPU
	EndGlobalSection
	GlobalSection(ProjectConfigurationPlatforms) = postSolution
		{0A89C02C-6CA3-45F2-B3F5-E2D03598FDCE}.Debug|Any CPU.ActiveCfg = Debug|Any CPU
		{0A89C02C-6CA3-45F2-B3F5-E2D03598FDCE}.Debug|Any CPU.Build.0 = Debug|Any CPU
		{0A89C02C-6CA3-45F2-B3F5-E2D03598FDCE}.Release|Any CPU.ActiveCfg = Release|Any CPU
		{0A89C02C-6CA3-45F2-B3F5-E2D03598FDCE}.Release|Any CPU.Build.0 = Release|Any CPU
	EndGlobalSection
	GlobalSection(SolutionProperties) = preSolution
		HideSolutionNode = FALSE
	EndGlobalSection
	GlobalSection(ExtensibilityGlobals) = postSolution
		SolutionGuid = {468AE45B-E72B-48CE-BE6F-A10176915651}
	EndGlobalSection
EndGlobal
